
Microsoft Visual Studio Solution File, Format Version 12.00
# Visual Studio Version 16
VisualStudioVersion = 16.0.30517.126
MinimumVisualStudioVersion = 10.0.40219.1
Project("{9A19103F-16F7-4668-BE54-9A1E7A4F7556}") = "ShopLapTop.Api", "ShopLapTop.Api\ShopLapTop.Api.csproj", "{66DC11D4-6813-42DA-B968-A93BFEF22F15}"
EndProject
Project("{9A19103F-16F7-4668-BE54-9A1E7A4F7556}") = "ShopLapTop.Shared", "ShopLapTop.Shared\ShopLapTop.Shared.csproj", "{81D2B36D-5CF4-4A32-808E-31BB8872D382}"
EndProject
Project("{9A19103F-16F7-4668-BE54-9A1E7A4F7556}") = "ShopLapTop.Server", "ShopLapTop.Server\ShopLapTop.Server.csproj", "{2181ABBE-A041-4633-A583-C3BBBEEF385E}"
EndProject
<<<<<<< HEAD
Project("{9A19103F-16F7-4668-BE54-9A1E7A4F7556}") = "Client", "Client\Client.csproj", "{F15FB841-87C2-4643-B71F-3F4B3C72539F}"
=======
Project("{FAE04EC0-301F-11D3-BF4B-00C04F79EFBC}") = "ShopLaptop.Client", "ShopLaptop.Client\ShopLaptop.Client.csproj", "{F8484190-9E94-4CA7-B8C5-55895F47D2AF}"
>>>>>>> main
EndProject
Global
	GlobalSection(SolutionConfigurationPlatforms) = preSolution
		Debug|Any CPU = Debug|Any CPU
		Release|Any CPU = Release|Any CPU
	EndGlobalSection
	GlobalSection(ProjectConfigurationPlatforms) = postSolution
		{66DC11D4-6813-42DA-B968-A93BFEF22F15}.Debug|Any CPU.ActiveCfg = Debug|Any CPU
		{66DC11D4-6813-42DA-B968-A93BFEF22F15}.Debug|Any CPU.Build.0 = Debug|Any CPU
		{66DC11D4-6813-42DA-B968-A93BFEF22F15}.Release|Any CPU.ActiveCfg = Release|Any CPU
		{66DC11D4-6813-42DA-B968-A93BFEF22F15}.Release|Any CPU.Build.0 = Release|Any CPU
		{81D2B36D-5CF4-4A32-808E-31BB8872D382}.Debug|Any CPU.ActiveCfg = Debug|Any CPU
		{81D2B36D-5CF4-4A32-808E-31BB8872D382}.Debug|Any CPU.Build.0 = Debug|Any CPU
		{81D2B36D-5CF4-4A32-808E-31BB8872D382}.Release|Any CPU.ActiveCfg = Release|Any CPU
		{81D2B36D-5CF4-4A32-808E-31BB8872D382}.Release|Any CPU.Build.0 = Release|Any CPU
		{2181ABBE-A041-4633-A583-C3BBBEEF385E}.Debug|Any CPU.ActiveCfg = Debug|Any CPU
		{2181ABBE-A041-4633-A583-C3BBBEEF385E}.Debug|Any CPU.Build.0 = Debug|Any CPU
		{2181ABBE-A041-4633-A583-C3BBBEEF385E}.Release|Any CPU.ActiveCfg = Release|Any CPU
		{2181ABBE-A041-4633-A583-C3BBBEEF385E}.Release|Any CPU.Build.0 = Release|Any CPU
		{F8484190-9E94-4CA7-B8C5-55895F47D2AF}.Debug|Any CPU.ActiveCfg = Debug|Any CPU
		{F8484190-9E94-4CA7-B8C5-55895F47D2AF}.Debug|Any CPU.Build.0 = Debug|Any CPU
		{F8484190-9E94-4CA7-B8C5-55895F47D2AF}.Release|Any CPU.ActiveCfg = Release|Any CPU
		{F8484190-9E94-4CA7-B8C5-55895F47D2AF}.Release|Any CPU.Build.0 = Release|Any CPU
	EndGlobalSection
	GlobalSection(SolutionProperties) = preSolution
		HideSolutionNode = FALSE
	EndGlobalSection
	GlobalSection(ExtensibilityGlobals) = postSolution
		SolutionGuid = {9A43EACD-76F8-473E-A07E-093E81F33FA0}
	EndGlobalSection
EndGlobal
